
Microsoft Visual Studio Solution File, Format Version 12.00
# Visual Studio Version 17
VisualStudioVersion = 17.5.002.0
MinimumVisualStudioVersion = 10.0.40219.1
Project("{9A19103F-16F7-4668-BE54-9A1E7A4F7556}") = "SocialMediaPlatform", "SocialMediaPlatform.csproj", "{07B28253-DC51-44F9-819A-B9ECAA46BA7C}"
EndProject
Global
	GlobalSection(SolutionConfigurationPlatforms) = preSolution
		Debug|Any CPU = Debug|Any CPU
		Release|Any CPU = Release|Any CPU
	EndGlobalSection
	GlobalSection(ProjectConfigurationPlatforms) = postSolution
		{07B28253-DC51-44F9-819A-B9ECAA46BA7C}.Debug|Any CPU.ActiveCfg = Debug|Any CPU
		{07B28253-DC51-44F9-819A-B9ECAA46BA7C}.Debug|Any CPU.Build.0 = Debug|Any CPU
		{07B28253-DC51-44F9-819A-B9ECAA46BA7C}.Release|Any CPU.ActiveCfg = Release|Any CPU
		{07B28253-DC51-44F9-819A-B9ECAA46BA7C}.Release|Any CPU.Build.0 = Release|Any CPU
	EndGlobalSection
	GlobalSection(SolutionProperties) = preSolution
		HideSolutionNode = FALSE
	EndGlobalSection
	GlobalSection(ExtensibilityGlobals) = postSolution
		SolutionGuid = {FF47257E-FB0C-47C6-89E3-1573819596C2}
	EndGlobalSection
EndGlobal
